
Microsoft Visual Studio Solution File, Format Version 12.00
Project("{FAE04EC0-301F-11D3-BF4B-00C04F79EFBC}") = "DemoStroi", "DemoStroi\DemoStroi.csproj", "{3BC5B7D6-4FB7-412A-B400-5A68D652A658}"
EndProject
Global
	GlobalSection(SolutionConfigurationPlatforms) = preSolution
		Debug|Any CPU = Debug|Any CPU
		Release|Any CPU = Release|Any CPU
	EndGlobalSection
	GlobalSection(ProjectConfigurationPlatforms) = postSolution
		{3BC5B7D6-4FB7-412A-B400-5A68D652A658}.Debug|Any CPU.ActiveCfg = Debug|Any CPU
		{3BC5B7D6-4FB7-412A-B400-5A68D652A658}.Debug|Any CPU.Build.0 = Debug|Any CPU
		{3BC5B7D6-4FB7-412A-B400-5A68D652A658}.Release|Any CPU.ActiveCfg = Release|Any CPU
		{3BC5B7D6-4FB7-412A-B400-5A68D652A658}.Release|Any CPU.Build.0 = Release|Any CPU
	EndGlobalSection
EndGlobal
